
Microsoft Visual Studio Solution File, Format Version 12.00
# Visual Studio Version 17
VisualStudioVersion = 17.5.002.0
MinimumVisualStudioVersion = 10.0.40219.1
Project("{9A19103F-16F7-4668-BE54-9A1E7A4F7556}") = "ContentPipe.Praxis", "ContentPipe.Praxis.csproj", "{B4946286-3E99-49A2-8ADC-D2BA55AD00FE}"
EndProject
Project("{FAE04EC0-301F-11D3-BF4B-00C04F79EFBC}") = "ContentPipe.Core.NETCore", "..\..\deps\ContentPipe\ContentPipe.Core\ContentPipe.Core.NETCore.csproj", "{D9A28CFC-D18B-48B9-AF08-EE70C444DEF1}"
EndProject
Project("{FAE04EC0-301F-11D3-BF4B-00C04F79EFBC}") = "ContentPipe.Extras.NETCore", "..\..\deps\ContentPipe\ContentPipe.Extras\ContentPipe.Extras.NETCore.csproj", "{0321974F-FBB3-41E2-AEBF-36EA2ED88BAF}"
EndProject
Project("{FAE04EC0-301F-11D3-BF4B-00C04F79EFBC}") = "ContentPipe.FNA.NETCore", "..\..\deps\ContentPipe\ContentPipe.FNA\ContentPipe.FNA.NETCore.csproj", "{898DB276-5199-49E2-8730-0D115FF6C409}"
EndProject
Global
	GlobalSection(SolutionConfigurationPlatforms) = preSolution
		Debug|Any CPU = Debug|Any CPU
		Release|Any CPU = Release|Any CPU
	EndGlobalSection
	GlobalSection(ProjectConfigurationPlatforms) = postSolution
		{B4946286-3E99-49A2-8ADC-D2BA55AD00FE}.Debug|Any CPU.ActiveCfg = Debug|Any CPU
		{B4946286-3E99-49A2-8ADC-D2BA55AD00FE}.Debug|Any CPU.Build.0 = Debug|Any CPU
		{B4946286-3E99-49A2-8ADC-D2BA55AD00FE}.Release|Any CPU.ActiveCfg = Release|Any CPU
		{B4946286-3E99-49A2-8ADC-D2BA55AD00FE}.Release|Any CPU.Build.0 = Release|Any CPU
		{D9A28CFC-D18B-48B9-AF08-EE70C444DEF1}.Debug|Any CPU.ActiveCfg = Debug|Any CPU
		{D9A28CFC-D18B-48B9-AF08-EE70C444DEF1}.Debug|Any CPU.Build.0 = Debug|Any CPU
		{D9A28CFC-D18B-48B9-AF08-EE70C444DEF1}.Release|Any CPU.ActiveCfg = Release|Any CPU
		{D9A28CFC-D18B-48B9-AF08-EE70C444DEF1}.Release|Any CPU.Build.0 = Release|Any CPU
		{0321974F-FBB3-41E2-AEBF-36EA2ED88BAF}.Debug|Any CPU.ActiveCfg = Debug|Any CPU
		{0321974F-FBB3-41E2-AEBF-36EA2ED88BAF}.Debug|Any CPU.Build.0 = Debug|Any CPU
		{0321974F-FBB3-41E2-AEBF-36EA2ED88BAF}.Release|Any CPU.ActiveCfg = Release|Any CPU
		{0321974F-FBB3-41E2-AEBF-36EA2ED88BAF}.Release|Any CPU.Build.0 = Release|Any CPU
		{898DB276-5199-49E2-8730-0D115FF6C409}.Debug|Any CPU.ActiveCfg = Debug|Any CPU
		{898DB276-5199-49E2-8730-0D115FF6C409}.Debug|Any CPU.Build.0 = Debug|Any CPU
		{898DB276-5199-49E2-8730-0D115FF6C409}.Release|Any CPU.ActiveCfg = Release|Any CPU
		{898DB276-5199-49E2-8730-0D115FF6C409}.Release|Any CPU.Build.0 = Release|Any CPU
	EndGlobalSection
	GlobalSection(SolutionProperties) = preSolution
		HideSolutionNode = FALSE
	EndGlobalSection
	GlobalSection(ExtensibilityGlobals) = postSolution
		SolutionGuid = {BD24BAF5-8FE7-44DB-A6B0-218680C33A8B}
	EndGlobalSection
EndGlobal
